
Microsoft Visual Studio Solution File, Format Version 12.00
# Visual Studio 2012
Project("{FAE04EC0-301F-11D3-BF4B-00C04F79EFBC}") = "ContactExpercise", "ContactExpercise\ContactExpercise.csproj", "{873A13AC-D4E0-43EE-9A1D-3B85FD1CF6CE}"
EndProject
Global
	GlobalSection(SolutionConfigurationPlatforms) = preSolution
		Debug|Any CPU = Debug|Any CPU
		Release|Any CPU = Release|Any CPU
	EndGlobalSection
	GlobalSection(ProjectConfigurationPlatforms) = postSolution
		{873A13AC-D4E0-43EE-9A1D-3B85FD1CF6CE}.Debug|Any CPU.ActiveCfg = Debug|Any CPU
		{873A13AC-D4E0-43EE-9A1D-3B85FD1CF6CE}.Debug|Any CPU.Build.0 = Debug|Any CPU
		{873A13AC-D4E0-43EE-9A1D-3B85FD1CF6CE}.Release|Any CPU.ActiveCfg = Release|Any CPU
		{873A13AC-D4E0-43EE-9A1D-3B85FD1CF6CE}.Release|Any CPU.Build.0 = Release|Any CPU
	EndGlobalSection
EndGlobal
